
Microsoft Visual Studio Solution File, Format Version 12.00
# Visual Studio Version 17
VisualStudioVersion = 17.7.34031.279
MinimumVisualStudioVersion = 10.0.40219.1
Project("{FAE04EC0-301F-11D3-BF4B-00C04F79EFBC}") = "ShopOnline", "ShopOnline\ShopOnline.csproj", "{E4170DD1-C5EB-483F-9FD9-04A9A17B40AA}"
EndProject
Global
	GlobalSection(SolutionConfigurationPlatforms) = preSolution
		Debug|Any CPU = Debug|Any CPU
		Release|Any CPU = Release|Any CPU
	EndGlobalSection
	GlobalSection(ProjectConfigurationPlatforms) = postSolution
		{E4170DD1-C5EB-483F-9FD9-04A9A17B40AA}.Debug|Any CPU.ActiveCfg = Debug|Any CPU
		{E4170DD1-C5EB-483F-9FD9-04A9A17B40AA}.Debug|Any CPU.Build.0 = Debug|Any CPU
		{E4170DD1-C5EB-483F-9FD9-04A9A17B40AA}.Release|Any CPU.ActiveCfg = Release|Any CPU
		{E4170DD1-C5EB-483F-9FD9-04A9A17B40AA}.Release|Any CPU.Build.0 = Release|Any CPU
	EndGlobalSection
	GlobalSection(SolutionProperties) = preSolution
		HideSolutionNode = FALSE
	EndGlobalSection
	GlobalSection(ExtensibilityGlobals) = postSolution
		SolutionGuid = {9403CCAF-214B-48B6-B27A-3393038AB6A3}
	EndGlobalSection
EndGlobal
